// !$*UTF8*$!
{
	archiveVersion = 1;
	classes = {
	};
	objectVersion = 50;
	objects = {

/* Begin PBXBuildFile section */
		FF8E970324A4AF5C003E7331 /* AppDelegate.swift in Sources */ = {isa = PBXBuildFile; fileRef = FF8E970224A4AF5C003E7331 /* AppDelegate.swift */; };
		FF8E970C24A4AF5D003E7331 /* Assets.xcassets in Resources */ = {isa = PBXBuildFile; fileRef = FF8E970B24A4AF5D003E7331 /* Assets.xcassets */; };
		FF8E970F24A4AF5D003E7331 /* LaunchScreen.storyboard in Resources */ = {isa = PBXBuildFile; fileRef = FF8E970D24A4AF5D003E7331 /* LaunchScreen.storyboard */; };
		FF8E973224A4B092003E7331 /* Coordinator.swift in Sources */ = {isa = PBXBuildFile; fileRef = FF8E973124A4B092003E7331 /* Coordinator.swift */; };
		FF8E973524A4BD3D003E7331 /* CitiesCoordinator.swift in Sources */ = {isa = PBXBuildFile; fileRef = FF8E973424A4BD3D003E7331 /* CitiesCoordinator.swift */; };
		FF8E973724A4BD5C003E7331 /* City.swift in Sources */ = {isa = PBXBuildFile; fileRef = FF8E973624A4BD5C003E7331 /* City.swift */; };
		FF8E973B24A4BD81003E7331 /* CitiesViewModel.swift in Sources */ = {isa = PBXBuildFile; fileRef = FF8E973A24A4BD81003E7331 /* CitiesViewModel.swift */; };
		FF8E973E24A4BDA3003E7331 /* CitiesViewController.swift in Sources */ = {isa = PBXBuildFile; fileRef = FF8E973C24A4BDA3003E7331 /* CitiesViewController.swift */; };
		FF8E973F24A4BDA3003E7331 /* CitiesViewController.xib in Resources */ = {isa = PBXBuildFile; fileRef = FF8E973D24A4BDA3003E7331 /* CitiesViewController.xib */; };
		FF8E974424A4BE31003E7331 /* CityDetailCoordinator.swift in Sources */ = {isa = PBXBuildFile; fileRef = FF8E974324A4BE31003E7331 /* CityDetailCoordinator.swift */; };
		FF8E974A24A4BE9E003E7331 /* CityDetailViewController.swift in Sources */ = {isa = PBXBuildFile; fileRef = FF8E974824A4BE9E003E7331 /* CityDetailViewController.swift */; };
		FF8E974B24A4BE9E003E7331 /* CityDetailViewController.xib in Resources */ = {isa = PBXBuildFile; fileRef = FF8E974924A4BE9E003E7331 /* CityDetailViewController.xib */; };
		FF8E975424A4C07C003E7331 /* Bindable.swift in Sources */ = {isa = PBXBuildFile; fileRef = FF8E975324A4C07B003E7331 /* Bindable.swift */; };
		FF8E975624A4C091003E7331 /* Alert.swift in Sources */ = {isa = PBXBuildFile; fileRef = FF8E975524A4C091003E7331 /* Alert.swift */; };
		FF8E975824A4C0B0003E7331 /* UIViewControllerExtensions.swift in Sources */ = {isa = PBXBuildFile; fileRef = FF8E975724A4C0B0003E7331 /* UIViewControllerExtensions.swift */; };
		FF8E975A24A4C0EF003E7331 /* DataConstants.swift in Sources */ = {isa = PBXBuildFile; fileRef = FF8E975924A4C0EF003E7331 /* DataConstants.swift */; };
		FF8E975C24A4C134003E7331 /* cities.json in Resources */ = {isa = PBXBuildFile; fileRef = FF8E975B24A4C133003E7331 /* cities.json */; };
		FF8E975E24A4C167003E7331 /* DataClient.swift in Sources */ = {isa = PBXBuildFile; fileRef = FF8E975D24A4C167003E7331 /* DataClient.swift */; };
		FF8E976624A4D39B003E7331 /* FileLoadService.swift in Sources */ = {isa = PBXBuildFile; fileRef = FF8E976524A4D39B003E7331 /* FileLoadService.swift */; };
		FF8E976924A4D42F003E7331 /* URLExtensions.swift in Sources */ = {isa = PBXBuildFile; fileRef = FF8E976824A4D42F003E7331 /* URLExtensions.swift */; };
		FF8E976B24A4D635003E7331 /* CitiesFileService.swift in Sources */ = {isa = PBXBuildFile; fileRef = FF8E976A24A4D635003E7331 /* CitiesFileService.swift */; };
		FF8E976D24A4DC91003E7331 /* CityViewModel.swift in Sources */ = {isa = PBXBuildFile; fileRef = FF8E976C24A4DC91003E7331 /* CityViewModel.swift */; };
		FF8E976F24A53E62003E7331 /* MKMapViewExtension.swift in Sources */ = {isa = PBXBuildFile; fileRef = FF8E976E24A53E62003E7331 /* MKMapViewExtension.swift */; };
		FF8E977124A60C6C003E7331 /* Mock.swift in Sources */ = {isa = PBXBuildFile; fileRef = FF8E977024A60C6C003E7331 /* Mock.swift */; };
		FF8E977624A60DFC003E7331 /* CitiesViewModelTests.swift in Sources */ = {isa = PBXBuildFile; fileRef = FF8E977524A60DFC003E7331 /* CitiesViewModelTests.swift */; };
		FF8E977924A60E1E003E7331 /* URLExtensionTests.swift in Sources */ = {isa = PBXBuildFile; fileRef = FF8E977824A60E1E003E7331 /* URLExtensionTests.swift */; };
		FF8E977C24A610CC003E7331 /* BindableTests.swift in Sources */ = {isa = PBXBuildFile; fileRef = FF8E977B24A610CC003E7331 /* BindableTests.swift */; };
/* End PBXBuildFile section */

/* Begin PBXContainerItemProxy section */
		FF8E971624A4AF5E003E7331 /* PBXContainerItemProxy */ = {
			isa = PBXContainerItemProxy;
			containerPortal = FF8E96F724A4AF5C003E7331 /* Project object */;
			proxyType = 1;
			remoteGlobalIDString = FF8E96FE24A4AF5C003E7331;
			remoteInfo = Cities;
		};
/* End PBXContainerItemProxy section */

/* Begin PBXFileReference section */
		FF8E96FF24A4AF5C003E7331 /* Cities.app */ = {isa = PBXFileReference; explicitFileType = wrapper.application; includeInIndex = 0; path = Cities.app; sourceTree = BUILT_PRODUCTS_DIR; };
		FF8E970224A4AF5C003E7331 /* AppDelegate.swift */ = {isa = PBXFileReference; lastKnownFileType = sourcecode.swift; path = AppDelegate.swift; sourceTree = "<group>"; };
		FF8E970B24A4AF5D003E7331 /* Assets.xcassets */ = {isa = PBXFileReference; lastKnownFileType = folder.assetcatalog; path = Assets.xcassets; sourceTree = "<group>"; };
		FF8E970E24A4AF5D003E7331 /* Base */ = {isa = PBXFileReference; lastKnownFileType = file.storyboard; name = Base; path = Base.lproj/LaunchScreen.storyboard; sourceTree = "<group>"; };
		FF8E971024A4AF5D003E7331 /* Info.plist */ = {isa = PBXFileReference; lastKnownFileType = text.plist.xml; path = Info.plist; sourceTree = "<group>"; };
		FF8E971524A4AF5E003E7331 /* CitiesTests.xctest */ = {isa = PBXFileReference; explicitFileType = wrapper.cfbundle; includeInIndex = 0; path = CitiesTests.xctest; sourceTree = BUILT_PRODUCTS_DIR; };
		FF8E971B24A4AF5E003E7331 /* Info.plist */ = {isa = PBXFileReference; lastKnownFileType = text.plist.xml; path = Info.plist; sourceTree = "<group>"; };
		FF8E973124A4B092003E7331 /* Coordinator.swift */ = {isa = PBXFileReference; lastKnownFileType = sourcecode.swift; path = Coordinator.swift; sourceTree = "<group>"; };
		FF8E973424A4BD3D003E7331 /* CitiesCoordinator.swift */ = {isa = PBXFileReference; lastKnownFileType = sourcecode.swift; path = CitiesCoordinator.swift; sourceTree = "<group>"; };
		FF8E973624A4BD5C003E7331 /* City.swift */ = {isa = PBXFileReference; lastKnownFileType = sourcecode.swift; path = City.swift; sourceTree = "<group>"; };
		FF8E973A24A4BD81003E7331 /* CitiesViewModel.swift */ = {isa = PBXFileReference; lastKnownFileType = sourcecode.swift; path = CitiesViewModel.swift; sourceTree = "<group>"; };
		FF8E973C24A4BDA3003E7331 /* CitiesViewController.swift */ = {isa = PBXFileReference; lastKnownFileType = sourcecode.swift; path = CitiesViewController.swift; sourceTree = "<group>"; };
		FF8E973D24A4BDA3003E7331 /* CitiesViewController.xib */ = {isa = PBXFileReference; lastKnownFileType = file.xib; path = CitiesViewController.xib; sourceTree = "<group>"; };
		FF8E974324A4BE31003E7331 /* CityDetailCoordinator.swift */ = {isa = PBXFileReference; lastKnownFileType = sourcecode.swift; path = CityDetailCoordinator.swift; sourceTree = "<group>"; };
		FF8E974824A4BE9E003E7331 /* CityDetailViewController.swift */ = {isa = PBXFileReference; lastKnownFileType = sourcecode.swift; path = CityDetailViewController.swift; sourceTree = "<group>"; };
		FF8E974924A4BE9E003E7331 /* CityDetailViewController.xib */ = {isa = PBXFileReference; lastKnownFileType = file.xib; path = CityDetailViewController.xib; sourceTree = "<group>"; };
		FF8E975324A4C07B003E7331 /* Bindable.swift */ = {isa = PBXFileReference; lastKnownFileType = sourcecode.swift; path = Bindable.swift; sourceTree = "<group>"; };
		FF8E975524A4C091003E7331 /* Alert.swift */ = {isa = PBXFileReference; lastKnownFileType = sourcecode.swift; path = Alert.swift; sourceTree = "<group>"; };
		FF8E975724A4C0B0003E7331 /* UIViewControllerExtensions.swift */ = {isa = PBXFileReference; lastKnownFileType = sourcecode.swift; path = UIViewControllerExtensions.swift; sourceTree = "<group>"; };
		FF8E975924A4C0EF003E7331 /* DataConstants.swift */ = {isa = PBXFileReference; lastKnownFileType = sourcecode.swift; path = DataConstants.swift; sourceTree = "<group>"; };
		FF8E975B24A4C133003E7331 /* cities.json */ = {isa = PBXFileReference; fileEncoding = 4; lastKnownFileType = text.json; path = cities.json; sourceTree = "<group>"; };
		FF8E975D24A4C167003E7331 /* DataClient.swift */ = {isa = PBXFileReference; lastKnownFileType = sourcecode.swift; path = DataClient.swift; sourceTree = "<group>"; };
		FF8E976524A4D39B003E7331 /* FileLoadService.swift */ = {isa = PBXFileReference; lastKnownFileType = sourcecode.swift; path = FileLoadService.swift; sourceTree = "<group>"; };
		FF8E976824A4D42F003E7331 /* URLExtensions.swift */ = {isa = PBXFileReference; lastKnownFileType = sourcecode.swift; path = URLExtensions.swift; sourceTree = "<group>"; };
		FF8E976A24A4D635003E7331 /* CitiesFileService.swift */ = {isa = PBXFileReference; lastKnownFileType = sourcecode.swift; path = CitiesFileService.swift; sourceTree = "<group>"; };
		FF8E976C24A4DC91003E7331 /* CityViewModel.swift */ = {isa = PBXFileReference; lastKnownFileType = sourcecode.swift; path = CityViewModel.swift; sourceTree = "<group>"; };
		FF8E976E24A53E62003E7331 /* MKMapViewExtension.swift */ = {isa = PBXFileReference; lastKnownFileType = sourcecode.swift; path = MKMapViewExtension.swift; sourceTree = "<group>"; };
		FF8E977024A60C6C003E7331 /* Mock.swift */ = {isa = PBXFileReference; lastKnownFileType = sourcecode.swift; path = Mock.swift; sourceTree = "<group>"; };
		FF8E977524A60DFC003E7331 /* CitiesViewModelTests.swift */ = {isa = PBXFileReference; lastKnownFileType = sourcecode.swift; path = CitiesViewModelTests.swift; sourceTree = "<group>"; };
		FF8E977824A60E1E003E7331 /* URLExtensionTests.swift */ = {isa = PBXFileReference; lastKnownFileType = sourcecode.swift; path = URLExtensionTests.swift; sourceTree = "<group>"; };
		FF8E977B24A610CC003E7331 /* BindableTests.swift */ = {isa = PBXFileReference; lastKnownFileType = sourcecode.swift; path = BindableTests.swift; sourceTree = "<group>"; };
/* End PBXFileReference section */

/* Begin PBXFrameworksBuildPhase section */
		FF8E96FC24A4AF5C003E7331 /* Frameworks */ = {
			isa = PBXFrameworksBuildPhase;
			buildActionMask = 2147483647;
			files = (
			);
			runOnlyForDeploymentPostprocessing = 0;
		};
		FF8E971224A4AF5E003E7331 /* Frameworks */ = {
			isa = PBXFrameworksBuildPhase;
			buildActionMask = 2147483647;
			files = (
			);
			runOnlyForDeploymentPostprocessing = 0;
		};
/* End PBXFrameworksBuildPhase section */

/* Begin PBXGroup section */
		FF8E96F624A4AF5C003E7331 = {
			isa = PBXGroup;
			children = (
				FF8E970124A4AF5C003E7331 /* Cities */,
				FF8E971824A4AF5E003E7331 /* CitiesTests */,
				FF8E970024A4AF5C003E7331 /* Products */,
			);
			sourceTree = "<group>";
		};
		FF8E970024A4AF5C003E7331 /* Products */ = {
			isa = PBXGroup;
			children = (
				FF8E96FF24A4AF5C003E7331 /* Cities.app */,
				FF8E971524A4AF5E003E7331 /* CitiesTests.xctest */,
			);
			name = Products;
			sourceTree = "<group>";
		};
		FF8E970124A4AF5C003E7331 /* Cities */ = {
			isa = PBXGroup;
			children = (
				FF8E970224A4AF5C003E7331 /* AppDelegate.swift */,
				FF8E971024A4AF5D003E7331 /* Info.plist */,
				FF8E972824A4B020003E7331 /* DataLayer */,
				FF8E972724A4B005003E7331 /* Protocols */,
				FF8E972624A4B000003E7331 /* Helpers */,
				FF8E972524A4AFF7003E7331 /* Extensions */,
				FF8E972924A4B029003E7331 /* Modules */,
				FF8E972424A4AF77003E7331 /* Resources */,
			);
			path = Cities;
			sourceTree = "<group>";
		};
		FF8E971824A4AF5E003E7331 /* CitiesTests */ = {
			isa = PBXGroup;
			children = (
				FF8E977024A60C6C003E7331 /* Mock.swift */,
				FF8E977A24A610B2003E7331 /* Application */,
				FF8E977724A60E08003E7331 /* DataLayerTests */,
				FF8E977224A60DCC003E7331 /* CitiesListTests */,
				FF8E971B24A4AF5E003E7331 /* Info.plist */,
			);
			path = CitiesTests;
			sourceTree = "<group>";
		};
		FF8E972424A4AF77003E7331 /* Resources */ = {
			isa = PBXGroup;
			children = (
				FF8E970B24A4AF5D003E7331 /* Assets.xcassets */,
				FF8E970D24A4AF5D003E7331 /* LaunchScreen.storyboard */,
			);
			path = Resources;
			sourceTree = "<group>";
		};
		FF8E972524A4AFF7003E7331 /* Extensions */ = {
			isa = PBXGroup;
			children = (
				FF8E975724A4C0B0003E7331 /* UIViewControllerExtensions.swift */,
				FF8E976E24A53E62003E7331 /* MKMapViewExtension.swift */,
			);
			path = Extensions;
			sourceTree = "<group>";
		};
		FF8E972624A4B000003E7331 /* Helpers */ = {
			isa = PBXGroup;
			children = (
				FF8E975324A4C07B003E7331 /* Bindable.swift */,
				FF8E975524A4C091003E7331 /* Alert.swift */,
			);
			path = Helpers;
			sourceTree = "<group>";
		};
		FF8E972724A4B005003E7331 /* Protocols */ = {
			isa = PBXGroup;
			children = (
				FF8E973124A4B092003E7331 /* Coordinator.swift */,
			);
			path = Protocols;
			sourceTree = "<group>";
		};
		FF8E972824A4B020003E7331 /* DataLayer */ = {
			isa = PBXGroup;
			children = (
				FF8E976724A4D422003E7331 /* Extensions */,
				FF8E975924A4C0EF003E7331 /* DataConstants.swift */,
				FF8E976424A4CBB8003E7331 /* JSON */,
				FF8E975D24A4C167003E7331 /* DataClient.swift */,
				FF8E976524A4D39B003E7331 /* FileLoadService.swift */,
			);
			path = DataLayer;
			sourceTree = "<group>";
		};
		FF8E972924A4B029003E7331 /* Modules */ = {
			isa = PBXGroup;
			children = (
				FF8E972A24A4B037003E7331 /* CitiesList */,
				FF8E973324A4B0B1003E7331 /* MapDetails */,
			);
			path = Modules;
			sourceTree = "<group>";
		};
		FF8E972A24A4B037003E7331 /* CitiesList */ = {
			isa = PBXGroup;
			children = (
				FF8E972B24A4B03F003E7331 /* Coordinator */,
				FF8E972E24A4B054003E7331 /* Models */,
				FF8E972D24A4B04F003E7331 /* ViewModel */,
				FF8E972F24A4B05E003E7331 /* ViewController */,
				FF8E972C24A4B04B003E7331 /* API */,
			);
			path = CitiesList;
			sourceTree = "<group>";
		};
		FF8E972B24A4B03F003E7331 /* Coordinator */ = {
			isa = PBXGroup;
			children = (
				FF8E973424A4BD3D003E7331 /* CitiesCoordinator.swift */,
			);
			path = Coordinator;
			sourceTree = "<group>";
		};
		FF8E972C24A4B04B003E7331 /* API */ = {
			isa = PBXGroup;
			children = (
				FF8E976A24A4D635003E7331 /* CitiesFileService.swift */,
			);
			path = API;
			sourceTree = "<group>";
		};
		FF8E972D24A4B04F003E7331 /* ViewModel */ = {
			isa = PBXGroup;
			children = (
				FF8E973A24A4BD81003E7331 /* CitiesViewModel.swift */,
				FF8E976C24A4DC91003E7331 /* CityViewModel.swift */,
			);
			path = ViewModel;
			sourceTree = "<group>";
		};
		FF8E972E24A4B054003E7331 /* Models */ = {
			isa = PBXGroup;
			children = (
				FF8E973624A4BD5C003E7331 /* City.swift */,
			);
			path = Models;
			sourceTree = "<group>";
		};
		FF8E972F24A4B05E003E7331 /* ViewController */ = {
			isa = PBXGroup;
			children = (
				FF8E973C24A4BDA3003E7331 /* CitiesViewController.swift */,
				FF8E973D24A4BDA3003E7331 /* CitiesViewController.xib */,
			);
			path = ViewController;
			sourceTree = "<group>";
		};
		FF8E973324A4B0B1003E7331 /* MapDetails */ = {
			isa = PBXGroup;
			children = (
				FF8E974224A4BE21003E7331 /* Coordinator */,
				FF8E974524A4BE7D003E7331 /* ViewController */,
			);
			path = MapDetails;
			sourceTree = "<group>";
		};
		FF8E974224A4BE21003E7331 /* Coordinator */ = {
			isa = PBXGroup;
			children = (
				FF8E974324A4BE31003E7331 /* CityDetailCoordinator.swift */,
			);
			path = Coordinator;
			sourceTree = "<group>";
		};
		FF8E974524A4BE7D003E7331 /* ViewController */ = {
			isa = PBXGroup;
			children = (
				FF8E974824A4BE9E003E7331 /* CityDetailViewController.swift */,
				FF8E974924A4BE9E003E7331 /* CityDetailViewController.xib */,
			);
			path = ViewController;
			sourceTree = "<group>";
		};
		FF8E976424A4CBB8003E7331 /* JSON */ = {
			isa = PBXGroup;
			children = (
				FF8E975B24A4C133003E7331 /* cities.json */,
			);
			path = JSON;
			sourceTree = "<group>";
		};
		FF8E976724A4D422003E7331 /* Extensions */ = {
			isa = PBXGroup;
			children = (
				FF8E976824A4D42F003E7331 /* URLExtensions.swift */,
			);
			path = Extensions;
			sourceTree = "<group>";
		};
		FF8E977224A60DCC003E7331 /* CitiesListTests */ = {
			isa = PBXGroup;
			children = (
				FF8E977524A60DFC003E7331 /* CitiesViewModelTests.swift */,
			);
			path = CitiesListTests;
			sourceTree = "<group>";
		};
		FF8E977724A60E08003E7331 /* DataLayerTests */ = {
			isa = PBXGroup;
			children = (
				FF8E977824A60E1E003E7331 /* URLExtensionTests.swift */,
			);
			path = DataLayerTests;
			sourceTree = "<group>";
		};
		FF8E977A24A610B2003E7331 /* Application */ = {
			isa = PBXGroup;
			children = (
				FF8E977B24A610CC003E7331 /* BindableTests.swift */,
			);
			path = Application;
			sourceTree = "<group>";
		};
/* End PBXGroup section */

/* Begin PBXNativeTarget section */
		FF8E96FE24A4AF5C003E7331 /* Cities */ = {
			isa = PBXNativeTarget;
			buildConfigurationList = FF8E971E24A4AF5E003E7331 /* Build configuration list for PBXNativeTarget "Cities" */;
			buildPhases = (
				FF8E96FB24A4AF5C003E7331 /* Sources */,
				FF8E96FC24A4AF5C003E7331 /* Frameworks */,
				FF8E96FD24A4AF5C003E7331 /* Resources */,
			);
			buildRules = (
			);
			dependencies = (
			);
			name = Cities;
			productName = Cities;
			productReference = FF8E96FF24A4AF5C003E7331 /* Cities.app */;
			productType = "com.apple.product-type.application";
		};
		FF8E971424A4AF5E003E7331 /* CitiesTests */ = {
			isa = PBXNativeTarget;
			buildConfigurationList = FF8E972124A4AF5E003E7331 /* Build configuration list for PBXNativeTarget "CitiesTests" */;
			buildPhases = (
				FF8E971124A4AF5E003E7331 /* Sources */,
				FF8E971224A4AF5E003E7331 /* Frameworks */,
				FF8E971324A4AF5E003E7331 /* Resources */,
			);
			buildRules = (
			);
			dependencies = (
				FF8E971724A4AF5E003E7331 /* PBXTargetDependency */,
			);
			name = CitiesTests;
			productName = CitiesTests;
			productReference = FF8E971524A4AF5E003E7331 /* CitiesTests.xctest */;
			productType = "com.apple.product-type.bundle.unit-test";
		};
/* End PBXNativeTarget section */

/* Begin PBXProject section */
		FF8E96F724A4AF5C003E7331 /* Project object */ = {
			isa = PBXProject;
			attributes = {
				LastSwiftUpdateCheck = 1150;
				LastUpgradeCheck = 1150;
				ORGANIZATIONNAME = "Mina Mikhael";
				TargetAttributes = {
					FF8E96FE24A4AF5C003E7331 = {
						CreatedOnToolsVersion = 11.5;
					};
					FF8E971424A4AF5E003E7331 = {
						CreatedOnToolsVersion = 11.5;
						TestTargetID = FF8E96FE24A4AF5C003E7331;
					};
				};
			};
			buildConfigurationList = FF8E96FA24A4AF5C003E7331 /* Build configuration list for PBXProject "Cities" */;
			compatibilityVersion = "Xcode 9.3";
			developmentRegion = en;
			hasScannedForEncodings = 0;
			knownRegions = (
				en,
				Base,
			);
			mainGroup = FF8E96F624A4AF5C003E7331;
			productRefGroup = FF8E970024A4AF5C003E7331 /* Products */;
			projectDirPath = "";
			projectRoot = "";
			targets = (
				FF8E96FE24A4AF5C003E7331 /* Cities */,
				FF8E971424A4AF5E003E7331 /* CitiesTests */,
			);
		};
/* End PBXProject section */

/* Begin PBXResourcesBuildPhase section */
		FF8E96FD24A4AF5C003E7331 /* Resources */ = {
			isa = PBXResourcesBuildPhase;
			buildActionMask = 2147483647;
			files = (
				FF8E975C24A4C134003E7331 /* cities.json in Resources */,
				FF8E974B24A4BE9E003E7331 /* CityDetailViewController.xib in Resources */,
				FF8E970F24A4AF5D003E7331 /* LaunchScreen.storyboard in Resources */,
				FF8E973F24A4BDA3003E7331 /* CitiesViewController.xib in Resources */,
				FF8E970C24A4AF5D003E7331 /* Assets.xcassets in Resources */,
			);
			runOnlyForDeploymentPostprocessing = 0;
		};
		FF8E971324A4AF5E003E7331 /* Resources */ = {
			isa = PBXResourcesBuildPhase;
			buildActionMask = 2147483647;
			files = (
			);
			runOnlyForDeploymentPostprocessing = 0;
		};
/* End PBXResourcesBuildPhase section */

/* Begin PBXSourcesBuildPhase section */
		FF8E96FB24A4AF5C003E7331 /* Sources */ = {
			isa = PBXSourcesBuildPhase;
			buildActionMask = 2147483647;
			files = (
				FF8E976624A4D39B003E7331 /* FileLoadService.swift in Sources */,
				FF8E976924A4D42F003E7331 /* URLExtensions.swift in Sources */,
				FF8E975A24A4C0EF003E7331 /* DataConstants.swift in Sources */,
				FF8E974424A4BE31003E7331 /* CityDetailCoordinator.swift in Sources */,
				FF8E973224A4B092003E7331 /* Coordinator.swift in Sources */,
				FF8E976B24A4D635003E7331 /* CitiesFileService.swift in Sources */,
				FF8E975824A4C0B0003E7331 /* UIViewControllerExtensions.swift in Sources */,
				FF8E976D24A4DC91003E7331 /* CityViewModel.swift in Sources */,
				FF8E973B24A4BD81003E7331 /* CitiesViewModel.swift in Sources */,
				FF8E976F24A53E62003E7331 /* MKMapViewExtension.swift in Sources */,
				FF8E975424A4C07C003E7331 /* Bindable.swift in Sources */,
				FF8E975E24A4C167003E7331 /* DataClient.swift in Sources */,
				FF8E975624A4C091003E7331 /* Alert.swift in Sources */,
				FF8E973524A4BD3D003E7331 /* CitiesCoordinator.swift in Sources */,
				FF8E974A24A4BE9E003E7331 /* CityDetailViewController.swift in Sources */,
				FF8E973E24A4BDA3003E7331 /* CitiesViewController.swift in Sources */,
				FF8E973724A4BD5C003E7331 /* City.swift in Sources */,
				FF8E970324A4AF5C003E7331 /* AppDelegate.swift in Sources */,
			);
			runOnlyForDeploymentPostprocessing = 0;
		};
		FF8E971124A4AF5E003E7331 /* Sources */ = {
			isa = PBXSourcesBuildPhase;
			buildActionMask = 2147483647;
			files = (
				FF8E977124A60C6C003E7331 /* Mock.swift in Sources */,
				FF8E977624A60DFC003E7331 /* CitiesViewModelTests.swift in Sources */,
				FF8E977C24A610CC003E7331 /* BindableTests.swift in Sources */,
				FF8E977924A60E1E003E7331 /* URLExtensionTests.swift in Sources */,
			);
			runOnlyForDeploymentPostprocessing = 0;
		};
/* End PBXSourcesBuildPhase section */

/* Begin PBXTargetDependency section */
		FF8E971724A4AF5E003E7331 /* PBXTargetDependency */ = {
			isa = PBXTargetDependency;
			target = FF8E96FE24A4AF5C003E7331 /* Cities */;
			targetProxy = FF8E971624A4AF5E003E7331 /* PBXContainerItemProxy */;
		};
/* End PBXTargetDependency section */

/* Begin PBXVariantGroup section */
		FF8E970D24A4AF5D003E7331 /* LaunchScreen.storyboard */ = {
			isa = PBXVariantGroup;
			children = (
				FF8E970E24A4AF5D003E7331 /* Base */,
			);
			name = LaunchScreen.storyboard;
			sourceTree = "<group>";
		};
/* End PBXVariantGroup section */

/* Begin XCBuildConfiguration section */
		FF8E971C24A4AF5E003E7331 /* Debug */ = {
			isa = XCBuildConfiguration;
			buildSettings = {
				ALWAYS_SEARCH_USER_PATHS = NO;
				CLANG_ANALYZER_NONNULL = YES;
				CLANG_ANALYZER_NUMBER_OBJECT_CONVERSION = YES_AGGRESSIVE;
				CLANG_CXX_LANGUAGE_STANDARD = "gnu++14";
				CLANG_CXX_LIBRARY = "libc++";
				CLANG_ENABLE_MODULES = YES;
				CLANG_ENABLE_OBJC_ARC = YES;
				CLANG_ENABLE_OBJC_WEAK = YES;
				CLANG_WARN_BLOCK_CAPTURE_AUTORELEASING = YES;
				CLANG_WARN_BOOL_CONVERSION = YES;
				CLANG_WARN_COMMA = YES;
				CLANG_WARN_CONSTANT_CONVERSION = YES;
				CLANG_WARN_DEPRECATED_OBJC_IMPLEMENTATIONS = YES;
				CLANG_WARN_DIRECT_OBJC_ISA_USAGE = YES_ERROR;
				CLANG_WARN_DOCUMENTATION_COMMENTS = YES;
				CLANG_WARN_EMPTY_BODY = YES;
				CLANG_WARN_ENUM_CONVERSION = YES;
				CLANG_WARN_INFINITE_RECURSION = YES;
				CLANG_WARN_INT_CONVERSION = YES;
				CLANG_WARN_NON_LITERAL_NULL_CONVERSION = YES;
				CLANG_WARN_OBJC_IMPLICIT_RETAIN_SELF = YES;
				CLANG_WARN_OBJC_LITERAL_CONVERSION = YES;
				CLANG_WARN_OBJC_ROOT_CLASS = YES_ERROR;
				CLANG_WARN_RANGE_LOOP_ANALYSIS = YES;
				CLANG_WARN_STRICT_PROTOTYPES = YES;
				CLANG_WARN_SUSPICIOUS_MOVE = YES;
				CLANG_WARN_UNGUARDED_AVAILABILITY = YES_AGGRESSIVE;
				CLANG_WARN_UNREACHABLE_CODE = YES;
				CLANG_WARN__DUPLICATE_METHOD_MATCH = YES;
				COPY_PHASE_STRIP = NO;
				DEBUG_INFORMATION_FORMAT = dwarf;
				ENABLE_STRICT_OBJC_MSGSEND = YES;
				ENABLE_TESTABILITY = YES;
				GCC_C_LANGUAGE_STANDARD = gnu11;
				GCC_DYNAMIC_NO_PIC = NO;
				GCC_NO_COMMON_BLOCKS = YES;
				GCC_OPTIMIZATION_LEVEL = 0;
				GCC_PREPROCESSOR_DEFINITIONS = (
					"DEBUG=1",
					"$(inherited)",
				);
				GCC_WARN_64_TO_32_BIT_CONVERSION = YES;
				GCC_WARN_ABOUT_RETURN_TYPE = YES_ERROR;
				GCC_WARN_UNDECLARED_SELECTOR = YES;
				GCC_WARN_UNINITIALIZED_AUTOS = YES_AGGRESSIVE;
				GCC_WARN_UNUSED_FUNCTION = YES;
				GCC_WARN_UNUSED_VARIABLE = YES;
				IPHONEOS_DEPLOYMENT_TARGET = 13.5;
				MTL_ENABLE_DEBUG_INFO = INCLUDE_SOURCE;
				MTL_FAST_MATH = YES;
				ONLY_ACTIVE_ARCH = YES;
				SDKROOT = iphoneos;
				SWIFT_ACTIVE_COMPILATION_CONDITIONS = DEBUG;
				SWIFT_OPTIMIZATION_LEVEL = "-Onone";
			};
			name = Debug;
		};
		FF8E971D24A4AF5E003E7331 /* Release */ = {
			isa = XCBuildConfiguration;
			buildSettings = {
				ALWAYS_SEARCH_USER_PATHS = NO;
				CLANG_ANALYZER_NONNULL = YES;
				CLANG_ANALYZER_NUMBER_OBJECT_CONVERSION = YES_AGGRESSIVE;
				CLANG_CXX_LANGUAGE_STANDARD = "gnu++14";
				CLANG_CXX_LIBRARY = "libc++";
				CLANG_ENABLE_MODULES = YES;
				CLANG_ENABLE_OBJC_ARC = YES;
				CLANG_ENABLE_OBJC_WEAK = YES;
				CLANG_WARN_BLOCK_CAPTURE_AUTORELEASING = YES;
				CLANG_WARN_BOOL_CONVERSION = YES;
				CLANG_WARN_COMMA = YES;
				CLANG_WARN_CONSTANT_CONVERSION = YES;
				CLANG_WARN_DEPRECATED_OBJC_IMPLEMENTATIONS = YES;
				CLANG_WARN_DIRECT_OBJC_ISA_USAGE = YES_ERROR;
				CLANG_WARN_DOCUMENTATION_COMMENTS = YES;
				CLANG_WARN_EMPTY_BODY = YES;
				CLANG_WARN_ENUM_CONVERSION = YES;
				CLANG_WARN_INFINITE_RECURSION = YES;
				CLANG_WARN_INT_CONVERSION = YES;
				CLANG_WARN_NON_LITERAL_NULL_CONVERSION = YES;
				CLANG_WARN_OBJC_IMPLICIT_RETAIN_SELF = YES;
				CLANG_WARN_OBJC_LITERAL_CONVERSION = YES;
				CLANG_WARN_OBJC_ROOT_CLASS = YES_ERROR;
				CLANG_WARN_RANGE_LOOP_ANALYSIS = YES;
				CLANG_WARN_STRICT_PROTOTYPES = YES;
				CLANG_WARN_SUSPICIOUS_MOVE = YES;
				CLANG_WARN_UNGUARDED_AVAILABILITY = YES_AGGRESSIVE;
				CLANG_WARN_UNREACHABLE_CODE = YES;
				CLANG_WARN__DUPLICATE_METHOD_MATCH = YES;
				COPY_PHASE_STRIP = NO;
				DEBUG_INFORMATION_FORMAT = "dwarf-with-dsym";
				ENABLE_NS_ASSERTIONS = NO;
				ENABLE_STRICT_OBJC_MSGSEND = YES;
				GCC_C_LANGUAGE_STANDARD = gnu11;
				GCC_NO_COMMON_BLOCKS = YES;
				GCC_WARN_64_TO_32_BIT_CONVERSION = YES;
				GCC_WARN_ABOUT_RETURN_TYPE = YES_ERROR;
				GCC_WARN_UNDECLARED_SELECTOR = YES;
				GCC_WARN_UNINITIALIZED_AUTOS = YES_AGGRESSIVE;
				GCC_WARN_UNUSED_FUNCTION = YES;
				GCC_WARN_UNUSED_VARIABLE = YES;
				IPHONEOS_DEPLOYMENT_TARGET = 13.5;
				MTL_ENABLE_DEBUG_INFO = NO;
				MTL_FAST_MATH = YES;
				SDKROOT = iphoneos;
				SWIFT_COMPILATION_MODE = wholemodule;
				SWIFT_OPTIMIZATION_LEVEL = "-O";
				VALIDATE_PRODUCT = YES;
			};
			name = Release;
		};
		FF8E971F24A4AF5E003E7331 /* Debug */ = {
			isa = XCBuildConfiguration;
			buildSettings = {
				ASSETCATALOG_COMPILER_APPICON_NAME = AppIcon;
				CODE_SIGN_STYLE = Automatic;
				DEVELOPMENT_TEAM = P2Y84SE7U4;
				INFOPLIST_FILE = Cities/Info.plist;
				IPHONEOS_DEPLOYMENT_TARGET = 12.0;
				LD_RUNPATH_SEARCH_PATHS = (
					"$(inherited)",
					"@executable_path/Frameworks",
				);
				PRODUCT_BUNDLE_IDENTIFIER = com.minamikhael.Cities;
				PRODUCT_NAME = "$(TARGET_NAME)";
				SWIFT_VERSION = 5.0;
				TARGETED_DEVICE_FAMILY = "1,2";
			};
			name = Debug;
		};
		FF8E972024A4AF5E003E7331 /* Release */ = {
			isa = XCBuildConfiguration;
			buildSettings = {
				ASSETCATALOG_COMPILER_APPICON_NAME = AppIcon;
				CODE_SIGN_STYLE = Automatic;
				DEVELOPMENT_TEAM = P2Y84SE7U4;
				INFOPLIST_FILE = Cities/Info.plist;
				IPHONEOS_DEPLOYMENT_TARGET = 12.0;
				LD_RUNPATH_SEARCH_PATHS = (
					"$(inherited)",
					"@executable_path/Frameworks",
				);
				PRODUCT_BUNDLE_IDENTIFIER = com.minamikhael.Cities;
				PRODUCT_NAME = "$(TARGET_NAME)";
				SWIFT_VERSION = 5.0;
				TARGETED_DEVICE_FAMILY = "1,2";
			};
			name = Release;
		};
		FF8E972224A4AF5E003E7331 /* Debug */ = {
			isa = XCBuildConfiguration;
			buildSettings = {
				ALWAYS_EMBED_SWIFT_STANDARD_LIBRARIES = YES;
				BUNDLE_LOADER = "$(TEST_HOST)";
				CODE_SIGN_STYLE = Automatic;
				DEVELOPMENT_TEAM = P2Y84SE7U4;
				INFOPLIST_FILE = CitiesTests/Info.plist;
				IPHONEOS_DEPLOYMENT_TARGET = 13.5;
				LD_RUNPATH_SEARCH_PATHS = (
					"$(inherited)",
					"@executable_path/Frameworks",
					"@loader_path/Frameworks",
				);
				PRODUCT_BUNDLE_IDENTIFIER = com.minamikhael.CitiesTests;
				PRODUCT_NAME = "$(TARGET_NAME)";
				SWIFT_VERSION = 5.0;
				TARGETED_DEVICE_FAMILY = "1,2";
				TEST_HOST = "$(BUILT_PRODUCTS_DIR)/Cities.app/Cities";
			};
			name = Debug;
		};
		FF8E972324A4AF5E003E7331 /* Release */ = {
			isa = XCBuildConfiguration;
			buildSettings = {
				ALWAYS_EMBED_SWIFT_STANDARD_LIBRARIES = YES;
				BUNDLE_LOADER = "$(TEST_HOST)";
				CODE_SIGN_STYLE = Automatic;
				DEVELOPMENT_TEAM = P2Y84SE7U4;
				INFOPLIST_FILE = CitiesTests/Info.plist;
				IPHONEOS_DEPLOYMENT_TARGET = 13.5;
				LD_RUNPATH_SEARCH_PATHS = (
					"$(inherited)",
					"@executable_path/Frameworks",
					"@loader_path/Frameworks",
				);
				PRODUCT_BUNDLE_IDENTIFIER = com.minamikhael.CitiesTests;
				PRODUCT_NAME = "$(TARGET_NAME)";
				SWIFT_VERSION = 5.0;
				TARGETED_DEVICE_FAMILY = "1,2";
				TEST_HOST = "$(BUILT_PRODUCTS_DIR)/Cities.app/Cities";
			};
			name = Release;
		};
/* End XCBuildConfiguration section */

/* Begin XCConfigurationList section */
		FF8E96FA24A4AF5C003E7331 /* Build configuration list for PBXProject "Cities" */ = {
			isa = XCConfigurationList;
			buildConfigurations = (
				FF8E971C24A4AF5E003E7331 /* Debug */,
				FF8E971D24A4AF5E003E7331 /* Release */,
			);
			defaultConfigurationIsVisible = 0;
			defaultConfigurationName = Release;
		};
		FF8E971E24A4AF5E003E7331 /* Build configuration list for PBXNativeTarget "Cities" */ = {
			isa = XCConfigurationList;
			buildConfigurations = (
				FF8E971F24A4AF5E003E7331 /* Debug */,
				FF8E972024A4AF5E003E7331 /* Release */,
			);
			defaultConfigurationIsVisible = 0;
			defaultConfigurationName = Release;
		};
		FF8E972124A4AF5E003E7331 /* Build configuration list for PBXNativeTarget "CitiesTests" */ = {
			isa = XCConfigurationList;
			buildConfigurations = (
				FF8E972224A4AF5E003E7331 /* Debug */,
				FF8E972324A4AF5E003E7331 /* Release */,
			);
			defaultConfigurationIsVisible = 0;
			defaultConfigurationName = Release;
		};
/* End XCConfigurationList section */
	};
	rootObject = FF8E96F724A4AF5C003E7331 /* Project object */;
}
